<?xml version="1.0" encoding="utf-8"?>
<!--
Sable, a native port of NightPDF
Copyright (C) 2021  Advaith Madhukar
Copyright (C) 2026  Abhilash Kar

This program is free software; you can redistribute it and/or
modify it under the terms of the GNU General Public License
as published by the Free Software Foundation; version 2
of the License.

This program is distributed in the hope that it will be useful,
but WITHOUT ANY WARRANTY; without even the implied warranty of
MERCHANTABILITY or FITNESS FOR A PARTICULAR PURPOSE.  See the
GNU General Public License for more details.

You should have received a copy of the GNU General Public License
along with this program; if not, write to the Free Software
Foundation, Inc., 51 Franklin Street, Fifth Floor, Boston, MA  02110-1301, USA.
-->
<Project ToolsVersion="4.0" xmlns="http://schemas.microsoft.com/developer/msbuild/2003">
	<ItemGroup>
		<ApplicationDefinition Include="App.xaml" />
	</ItemGroup>
	<ItemGroup>
		<Page Include="MainWindow.xaml" />
	</ItemGroup>
	<ItemGroup>
		<Midl Include="MainWindow.idl" />
	</ItemGroup>
	<ItemGroup>
		<ClCompile Include="pch.cpp" />
		<ClCompile Include="$(GeneratedFilesDir)module.g.cpp" />
	</ItemGroup>
	<ItemGroup>
		<ClInclude Include="pch.h" />
	</ItemGroup>
	<ItemGroup>
		<CopyFileToFolders Include="assets\icon.png">
			<Filter>assets</Filter>
		</CopyFileToFolders>
		<CopyFileToFolders Include="assets\icon2.png">
			<Filter>assets</Filter>
		</CopyFileToFolders>
		<CopyFileToFolders Include="assets\icon.ico">
			<Filter>assets</Filter>
		</CopyFileToFolders>
		<CopyFileToFolders Include="assets\gradient.svg">
			<Filter>assets</Filter>
		</CopyFileToFolders>
		<CopyFileToFolders Include="assets\gradient2.svg">
			<Filter>assets</Filter>
		</CopyFileToFolders>
		<CopyFileToFolders Include="assets\gradient3.svg">
			<Filter>assets</Filter>
		</CopyFileToFolders>
		<CopyFileToFolders Include="assets\fonts\Manrope-VF.ttf">
			<Filter>assets\fonts</Filter>
		</CopyFileToFolders>
		<CopyFileToFolders Include="assets\fonts\OFL.txt">
			<Filter>assets\fonts</Filter>
		</CopyFileToFolders>
	</ItemGroup>
	<ItemGroup>
		<ClInclude Include="helpers\version.h">
			<Filter>helpers</Filter>
		</ClInclude>
		<ClCompile Include="helpers\version.cpp">
			<Filter>helpers</Filter>
		</ClCompile>
	</ItemGroup>
	<ItemGroup>
		<Filter Include="helpers">
			<UniqueIdentifier>{2D7F4A91-6C3B-4E58-A1D0-8B5E3F7C9264}</UniqueIdentifier>
		</Filter>
		<Filter Include="assets">
			<UniqueIdentifier>{9E2A4D61-0B7C-4F3A-8E15-2C6D7B0A9F48}</UniqueIdentifier>
		</Filter>
		<Filter Include="assets\fonts">
			<UniqueIdentifier>{5B8E1C73-4D29-4A6F-9E03-7C1F2A8D6B40}</UniqueIdentifier>
		</Filter>
	</ItemGroup>
	<ItemGroup>
		<Manifest Include="app.manifest" />
	</ItemGroup>
	<ItemGroup>
		<None Include="packages.config" />
	</ItemGroup>
</Project>
